
Microsoft Visual Studio Solution File, Format Version 12.00
# Visual Studio 15
VisualStudioVersion = 15.0.35116.124
MinimumVisualStudioVersion = 10.0.40219.1
Project("{FAE04EC0-301F-11D3-BF4B-00C04F79EFBC}") = "NoteAppUI", "NoteAppUI\NoteAppUI.csproj", "{0146F487-A45C-4DAB-8EE7-FFDE6375CF27}"
EndProject
Global
	GlobalSection(SolutionConfigurationPlatforms) = preSolution
		Debug|Any CPU = Debug|Any CPU
		Release|Any CPU = Release|Any CPU
	EndGlobalSection
	GlobalSection(ProjectConfigurationPlatforms) = postSolution
		{0146F487-A45C-4DAB-8EE7-FFDE6375CF27}.Debug|Any CPU.ActiveCfg = Debug|Any CPU
		{0146F487-A45C-4DAB-8EE7-FFDE6375CF27}.Debug|Any CPU.Build.0 = Debug|Any CPU
		{0146F487-A45C-4DAB-8EE7-FFDE6375CF27}.Release|Any CPU.ActiveCfg = Release|Any CPU
		{0146F487-A45C-4DAB-8EE7-FFDE6375CF27}.Release|Any CPU.Build.0 = Release|Any CPU
	EndGlobalSection
	GlobalSection(SolutionProperties) = preSolution
		HideSolutionNode = FALSE
	EndGlobalSection
	GlobalSection(ExtensibilityGlobals) = postSolution
		SolutionGuid = {CFC88575-AB17-4619-8CD3-242F3C0B10AE}
	EndGlobalSection
EndGlobal
